
Microsoft Visual Studio Solution File, Format Version 12.00
# Visual Studio Version 17
VisualStudioVersion = 17.4.33205.214
MinimumVisualStudioVersion = 10.0.40219.1
Project("{FAE04EC0-301F-11D3-BF4B-00C04F79EFBC}") = "Patients.API", "Patients.API\Patients.API.csproj", "{6C6A29A2-3DE7-4608-BFD8-9CB32BCFC9D6}"
EndProject
Global
	GlobalSection(SolutionConfigurationPlatforms) = preSolution
		Debug|Any CPU = Debug|Any CPU
		Release|Any CPU = Release|Any CPU
	EndGlobalSection
	GlobalSection(ProjectConfigurationPlatforms) = postSolution
		{6C6A29A2-3DE7-4608-BFD8-9CB32BCFC9D6}.Debug|Any CPU.ActiveCfg = Debug|Any CPU
		{6C6A29A2-3DE7-4608-BFD8-9CB32BCFC9D6}.Debug|Any CPU.Build.0 = Debug|Any CPU
		{6C6A29A2-3DE7-4608-BFD8-9CB32BCFC9D6}.Release|Any CPU.ActiveCfg = Release|Any CPU
		{6C6A29A2-3DE7-4608-BFD8-9CB32BCFC9D6}.Release|Any CPU.Build.0 = Release|Any CPU
	EndGlobalSection
	GlobalSection(SolutionProperties) = preSolution
		HideSolutionNode = FALSE
	EndGlobalSection
	GlobalSection(ExtensibilityGlobals) = postSolution
		SolutionGuid = {B4CC4924-5EFD-49FF-B285-4D0DA77B88CB}
	EndGlobalSection
EndGlobal
